
Microsoft Visual Studio Solution File, Format Version 12.00
# Visual Studio Version 17
VisualStudioVersion = 17.9.34728.123
MinimumVisualStudioVersion = 10.0.40219.1
Project("{2150E333-8FDC-42A3-9474-1A3956D46DE8}") = "src", "src", "{CDD16BBE-D21D-4901-9E02-AA3AEFF4EE65}"
EndProject
Project("{2150E333-8FDC-42A3-9474-1A3956D46DE8}") = "Domain", "Domain", "{1A4AD01E-56B5-4E2D-B280-02A907A4F4E8}"
EndProject
Project("{2150E333-8FDC-42A3-9474-1A3956D46DE8}") = "Core", "Core", "{3884C279-2AAC-4F70-BCBF-E2EE359CD6C4}"
EndProject
Project("{2150E333-8FDC-42A3-9474-1A3956D46DE8}") = "Infraestructure", "Infraestructure", "{8FE01885-53DD-4B01-9075-6255670ACA64}"
EndProject
Project("{2150E333-8FDC-42A3-9474-1A3956D46DE8}") = "Presentation", "Presentation", "{B65E7C9C-7192-43CE-9F23-53F22DE7EEE3}"
EndProject
Project("{9A19103F-16F7-4668-BE54-9A1E7A4F7556}") = "Domain", "Domain\Domain.csproj", "{25A11D1F-618F-4AC7-AE69-E9D8CA9691D3}"
EndProject
Project("{9A19103F-16F7-4668-BE54-9A1E7A4F7556}") = "Application", "Application\Application.csproj", "{70B2BD03-E5B2-4DF9-B4C8-E6525AE40CF8}"
EndProject
Project("{9A19103F-16F7-4668-BE54-9A1E7A4F7556}") = "Persistence", "Persistence\Persistence.csproj", "{0422707F-8133-4DCA-BC1C-F15F225B8B88}"
EndProject
Project("{9A19103F-16F7-4668-BE54-9A1E7A4F7556}") = "Shared", "Shared\Shared.csproj", "{FCCFA6EC-99C0-40C0-A898-4F3FE028052A}"
EndProject
Project("{9A19103F-16F7-4668-BE54-9A1E7A4F7556}") = "WebDAPI", "WebDAPI\WebDAPI.csproj", "{BE545FB5-5297-451E-8D20-59508482507B}"
EndProject
Project("{FAE04EC0-301F-11D3-BF4B-00C04F79EFBC}") = "Services", "services\Services.csproj", "{8D76AA75-54DF-4DF2-AB43-8CCE493E1AF9}"
EndProject
Global
	GlobalSection(SolutionConfigurationPlatforms) = preSolution
		Debug|Any CPU = Debug|Any CPU
		Release|Any CPU = Release|Any CPU
	EndGlobalSection
	GlobalSection(ProjectConfigurationPlatforms) = postSolution
		{25A11D1F-618F-4AC7-AE69-E9D8CA9691D3}.Debug|Any CPU.ActiveCfg = Debug|Any CPU
		{25A11D1F-618F-4AC7-AE69-E9D8CA9691D3}.Debug|Any CPU.Build.0 = Debug|Any CPU
		{25A11D1F-618F-4AC7-AE69-E9D8CA9691D3}.Release|Any CPU.ActiveCfg = Release|Any CPU
		{25A11D1F-618F-4AC7-AE69-E9D8CA9691D3}.Release|Any CPU.Build.0 = Release|Any CPU
		{70B2BD03-E5B2-4DF9-B4C8-E6525AE40CF8}.Debug|Any CPU.ActiveCfg = Debug|Any CPU
		{70B2BD03-E5B2-4DF9-B4C8-E6525AE40CF8}.Debug|Any CPU.Build.0 = Debug|Any CPU
		{70B2BD03-E5B2-4DF9-B4C8-E6525AE40CF8}.Release|Any CPU.ActiveCfg = Release|Any CPU
		{70B2BD03-E5B2-4DF9-B4C8-E6525AE40CF8}.Release|Any CPU.Build.0 = Release|Any CPU
		{0422707F-8133-4DCA-BC1C-F15F225B8B88}.Debug|Any CPU.ActiveCfg = Debug|Any CPU
		{0422707F-8133-4DCA-BC1C-F15F225B8B88}.Debug|Any CPU.Build.0 = Debug|Any CPU
		{0422707F-8133-4DCA-BC1C-F15F225B8B88}.Release|Any CPU.ActiveCfg = Release|Any CPU
		{0422707F-8133-4DCA-BC1C-F15F225B8B88}.Release|Any CPU.Build.0 = Release|Any CPU
		{FCCFA6EC-99C0-40C0-A898-4F3FE028052A}.Debug|Any CPU.ActiveCfg = Debug|Any CPU
		{FCCFA6EC-99C0-40C0-A898-4F3FE028052A}.Debug|Any CPU.Build.0 = Debug|Any CPU
		{FCCFA6EC-99C0-40C0-A898-4F3FE028052A}.Release|Any CPU.ActiveCfg = Release|Any CPU
		{FCCFA6EC-99C0-40C0-A898-4F3FE028052A}.Release|Any CPU.Build.0 = Release|Any CPU
		{BE545FB5-5297-451E-8D20-59508482507B}.Debug|Any CPU.ActiveCfg = Debug|Any CPU
		{BE545FB5-5297-451E-8D20-59508482507B}.Debug|Any CPU.Build.0 = Debug|Any CPU
		{BE545FB5-5297-451E-8D20-59508482507B}.Release|Any CPU.ActiveCfg = Release|Any CPU
		{BE545FB5-5297-451E-8D20-59508482507B}.Release|Any CPU.Build.0 = Release|Any CPU
		{8D76AA75-54DF-4DF2-AB43-8CCE493E1AF9}.Debug|Any CPU.ActiveCfg = Debug|Any CPU
		{8D76AA75-54DF-4DF2-AB43-8CCE493E1AF9}.Debug|Any CPU.Build.0 = Debug|Any CPU
		{8D76AA75-54DF-4DF2-AB43-8CCE493E1AF9}.Release|Any CPU.ActiveCfg = Release|Any CPU
		{8D76AA75-54DF-4DF2-AB43-8CCE493E1AF9}.Release|Any CPU.Build.0 = Release|Any CPU
	EndGlobalSection
	GlobalSection(SolutionProperties) = preSolution
		HideSolutionNode = FALSE
	EndGlobalSection
	GlobalSection(NestedProjects) = preSolution
		{1A4AD01E-56B5-4E2D-B280-02A907A4F4E8} = {CDD16BBE-D21D-4901-9E02-AA3AEFF4EE65}
		{3884C279-2AAC-4F70-BCBF-E2EE359CD6C4} = {CDD16BBE-D21D-4901-9E02-AA3AEFF4EE65}
		{8FE01885-53DD-4B01-9075-6255670ACA64} = {CDD16BBE-D21D-4901-9E02-AA3AEFF4EE65}
		{B65E7C9C-7192-43CE-9F23-53F22DE7EEE3} = {CDD16BBE-D21D-4901-9E02-AA3AEFF4EE65}
		{25A11D1F-618F-4AC7-AE69-E9D8CA9691D3} = {3884C279-2AAC-4F70-BCBF-E2EE359CD6C4}
		{70B2BD03-E5B2-4DF9-B4C8-E6525AE40CF8} = {3884C279-2AAC-4F70-BCBF-E2EE359CD6C4}
		{0422707F-8133-4DCA-BC1C-F15F225B8B88} = {8FE01885-53DD-4B01-9075-6255670ACA64}
		{FCCFA6EC-99C0-40C0-A898-4F3FE028052A} = {8FE01885-53DD-4B01-9075-6255670ACA64}
		{BE545FB5-5297-451E-8D20-59508482507B} = {B65E7C9C-7192-43CE-9F23-53F22DE7EEE3}
		{8D76AA75-54DF-4DF2-AB43-8CCE493E1AF9} = {8FE01885-53DD-4B01-9075-6255670ACA64}
	EndGlobalSection
	GlobalSection(ExtensibilityGlobals) = postSolution
		SolutionGuid = {5622FB61-8990-401D-AFDD-59166D9541E3}
	EndGlobalSection
EndGlobal
